
Microsoft Visual Studio Solution File, Format Version 12.00
# Visual Studio 15
VisualStudioVersion = 15.0.28307.572
MinimumVisualStudioVersion = 10.0.40219.1
Project("{FAE04EC0-301F-11D3-BF4B-00C04F79EFBC}") = "Trees", "Trees\Trees.csproj", "{C3452F58-6518-4EAC-94C5-B67E78DE27E4}"
EndProject
Global
	GlobalSection(SolutionConfigurationPlatforms) = preSolution
		Debug|Any CPU = Debug|Any CPU
		Release|Any CPU = Release|Any CPU
	EndGlobalSection
	GlobalSection(ProjectConfigurationPlatforms) = postSolution
		{C3452F58-6518-4EAC-94C5-B67E78DE27E4}.Debug|Any CPU.ActiveCfg = Debug|Any CPU
		{C3452F58-6518-4EAC-94C5-B67E78DE27E4}.Debug|Any CPU.Build.0 = Debug|Any CPU
		{C3452F58-6518-4EAC-94C5-B67E78DE27E4}.Release|Any CPU.ActiveCfg = Release|Any CPU
		{C3452F58-6518-4EAC-94C5-B67E78DE27E4}.Release|Any CPU.Build.0 = Release|Any CPU
	EndGlobalSection
	GlobalSection(SolutionProperties) = preSolution
		HideSolutionNode = FALSE
	EndGlobalSection
	GlobalSection(ExtensibilityGlobals) = postSolution
		SolutionGuid = {838FB936-B101-4EC4-8A7C-70387C9D16EE}
	EndGlobalSection
EndGlobal
